{
  "name": "authentication-adapter-array",
  "version": "0.4.1",
  "lockfileVersion": 3,
  "requires": true,
  "packages": {
    "": {
      "name": "authentication-adapter-array",
      "version": "0.4.1",
      "license": "ISC",
      "dependencies": {
        "@genoacms/cloudabstraction": "^0.4.1"
      }
    },
    "node_modules/@genoacms/cloudabstraction": {
      "version": "0.4.1",
      "resolved": "https://registry.npmjs.org/@genoacms/cloudabstraction/-/cloudabstraction-0.4.1.tgz",
      "integrity": "sha512-mZjXD51mDmwDN7Otu3R4rVq/giHdp4GHZou5cX2n1Vg0pmGiqb+u6Q1YCKHqXwfiqCLnXeoDkfYqh94yyOo1og=="
    }
  }
}
