{
  "name": "@genoacms/authentication-adapter-array",
  "version": "0.5.3",
  "lockfileVersion": 3,
  "requires": true,
  "packages": {
    "": {
      "name": "@genoacms/authentication-adapter-array",
      "version": "0.5.3",
      "license": "ISC",
      "dependencies": {
        "@genoacms/cloudabstraction": "^0.5.3"
      }
    },
    "node_modules/@genoacms/cloudabstraction": {
      "version": "0.5.3",
      "resolved": "https://registry.npmjs.org/@genoacms/cloudabstraction/-/cloudabstraction-0.5.3.tgz",
      "integrity": "sha512-M1erzGilK09dR8kaIvoIZPhCV0MIhGi/Nk2Lpvsv10xuwhHGD+uFiGwLNCXFVZPRq73wT3P4Q12U95qVBduGpA=="
    }
  }
}
